
Microsoft Visual Studio Solution File, Format Version 12.00
# Visual Studio Version 17
VisualStudioVersion = 17.7.34202.233
MinimumVisualStudioVersion = 10.0.40219.1
Project("{FAE04EC0-301F-11D3-BF4B-00C04F79EFBC}") = "Lea.Api", "Lea.Api\Lea.Api.csproj", "{4DC66052-6A3A-4F45-944F-7C1A65D7F16A}"
EndProject
Project("{FAE04EC0-301F-11D3-BF4B-00C04F79EFBC}") = "Lea.Data", "Lea.Data\Lea.Data.csproj", "{1A310EC6-702C-40E4-8E6A-40874096EA2B}"
EndProject
Global
	GlobalSection(SolutionConfigurationPlatforms) = preSolution
		Debug|Any CPU = Debug|Any CPU
		Release|Any CPU = Release|Any CPU
	EndGlobalSection
	GlobalSection(ProjectConfigurationPlatforms) = postSolution
		{4DC66052-6A3A-4F45-944F-7C1A65D7F16A}.Debug|Any CPU.ActiveCfg = Debug|Any CPU
		{4DC66052-6A3A-4F45-944F-7C1A65D7F16A}.Debug|Any CPU.Build.0 = Debug|Any CPU
		{4DC66052-6A3A-4F45-944F-7C1A65D7F16A}.Release|Any CPU.ActiveCfg = Release|Any CPU
		{4DC66052-6A3A-4F45-944F-7C1A65D7F16A}.Release|Any CPU.Build.0 = Release|Any CPU
		{1A310EC6-702C-40E4-8E6A-40874096EA2B}.Debug|Any CPU.ActiveCfg = Debug|Any CPU
		{1A310EC6-702C-40E4-8E6A-40874096EA2B}.Debug|Any CPU.Build.0 = Debug|Any CPU
		{1A310EC6-702C-40E4-8E6A-40874096EA2B}.Release|Any CPU.ActiveCfg = Release|Any CPU
		{1A310EC6-702C-40E4-8E6A-40874096EA2B}.Release|Any CPU.Build.0 = Release|Any CPU
	EndGlobalSection
	GlobalSection(SolutionProperties) = preSolution
		HideSolutionNode = FALSE
	EndGlobalSection
	GlobalSection(ExtensibilityGlobals) = postSolution
		SolutionGuid = {BE93703A-0E09-4695-8337-380CC4B7DD72}
	EndGlobalSection
EndGlobal
